
Microsoft Visual Studio Solution File, Format Version 12.00
# Visual Studio Version 17
VisualStudioVersion = 17.5.33424.131
MinimumVisualStudioVersion = 10.0.40219.1
Project("{FAE04EC0-301F-11D3-BF4B-00C04F79EFBC}") = "Trinity.API", "Trinity.API\Trinity.API.csproj", "{980382FC-D584-436C-809D-C2A41B9979DC}"
EndProject
Project("{FAE04EC0-301F-11D3-BF4B-00C04F79EFBC}") = "Trinity.Application", "Trinity.Application\Trinity.Application.csproj", "{BA612FE9-16CA-4427-8658-A962E5CD38DA}"
EndProject
Global
	GlobalSection(SolutionConfigurationPlatforms) = preSolution
		Debug|Any CPU = Debug|Any CPU
		Release|Any CPU = Release|Any CPU
	EndGlobalSection
	GlobalSection(ProjectConfigurationPlatforms) = postSolution
		{980382FC-D584-436C-809D-C2A41B9979DC}.Debug|Any CPU.ActiveCfg = Debug|Any CPU
		{980382FC-D584-436C-809D-C2A41B9979DC}.Debug|Any CPU.Build.0 = Debug|Any CPU
		{980382FC-D584-436C-809D-C2A41B9979DC}.Release|Any CPU.ActiveCfg = Release|Any CPU
		{980382FC-D584-436C-809D-C2A41B9979DC}.Release|Any CPU.Build.0 = Release|Any CPU
		{BA612FE9-16CA-4427-8658-A962E5CD38DA}.Debug|Any CPU.ActiveCfg = Debug|Any CPU
		{BA612FE9-16CA-4427-8658-A962E5CD38DA}.Debug|Any CPU.Build.0 = Debug|Any CPU
		{BA612FE9-16CA-4427-8658-A962E5CD38DA}.Release|Any CPU.ActiveCfg = Release|Any CPU
		{BA612FE9-16CA-4427-8658-A962E5CD38DA}.Release|Any CPU.Build.0 = Release|Any CPU
	EndGlobalSection
	GlobalSection(SolutionProperties) = preSolution
		HideSolutionNode = FALSE
	EndGlobalSection
	GlobalSection(ExtensibilityGlobals) = postSolution
		SolutionGuid = {428A1E45-E095-4D35-B913-3A7414AEDFF2}
	EndGlobalSection
EndGlobal
